
Microsoft Visual Studio Solution File, Format Version 12.00
# Visual Studio Version 17
VisualStudioVersion = 17.6.33829.357
MinimumVisualStudioVersion = 10.0.40219.1
Project("{FAE04EC0-301F-11D3-BF4B-00C04F79EFBC}") = "MSFTPP.Plugins.CustomAudit", "MSFTPP.Plugins.CustomAudit.csproj", "{5303C304-6CC4-4497-8460-BC36B700500B}"
EndProject
Project("{2150E333-8FDC-42A3-9474-1A3956D46DE8}") = "WebResources", "WebResources", "{73420F92-A7CF-4DB7-83E4-51331432CFAD}"
	ProjectSection(SolutionItems) = preProject
		msftpp_CustomAuditBuilder.html = msftpp_CustomAuditBuilder.html
		msftpp_CustomAuditBuilder.js = msftpp_CustomAuditBuilder.js
	EndProjectSection
EndProject
Global
	GlobalSection(SolutionConfigurationPlatforms) = preSolution
		Debug|Any CPU = Debug|Any CPU
		Release|Any CPU = Release|Any CPU
	EndGlobalSection
	GlobalSection(ProjectConfigurationPlatforms) = postSolution
		{5303C304-6CC4-4497-8460-BC36B700500B}.Debug|Any CPU.ActiveCfg = Debug|Any CPU
		{5303C304-6CC4-4497-8460-BC36B700500B}.Debug|Any CPU.Build.0 = Debug|Any CPU
		{5303C304-6CC4-4497-8460-BC36B700500B}.Release|Any CPU.ActiveCfg = Release|Any CPU
		{5303C304-6CC4-4497-8460-BC36B700500B}.Release|Any CPU.Build.0 = Release|Any CPU
	EndGlobalSection
	GlobalSection(SolutionProperties) = preSolution
		HideSolutionNode = FALSE
	EndGlobalSection
	GlobalSection(ExtensibilityGlobals) = postSolution
		SolutionGuid = {39E8A18C-8CA3-4B86-9678-6E72DEAF4435}
	EndGlobalSection
EndGlobal
